// !$*UTF8*$!
{
	archiveVersion = 1;
	classes = {
	};
	objectVersion = 46;
	objects = {

/* Begin PBXAggregateTarget section */
		"Stevia::SteviaPackageTests::ProductTarget" /* SteviaPackageTests */ = {
			isa = PBXAggregateTarget;
			buildConfigurationList = OBJ_85 /* Build configuration list for PBXAggregateTarget "SteviaPackageTests" */;
			buildPhases = (
			);
			dependencies = (
				OBJ_88 /* PBXTargetDependency */,
			);
			name = SteviaPackageTests;
			productName = SteviaPackageTests;
		};
/* End PBXAggregateTarget section */

/* Begin PBXBuildFile section */
		OBJ_100 /* FullLayoutTests.swift in Sources */ = {isa = PBXBuildFile; fileRef = OBJ_36 /* FullLayoutTests.swift */; };
		OBJ_101 /* GetConstraintsTests.swift in Sources */ = {isa = PBXBuildFile; fileRef = OBJ_37 /* GetConstraintsTests.swift */; };
		OBJ_102 /* HierarchyTests.swift in Sources */ = {isa = PBXBuildFile; fileRef = OBJ_38 /* HierarchyTests.swift */; };
		OBJ_103 /* LayoutTests.swift in Sources */ = {isa = PBXBuildFile; fileRef = OBJ_39 /* LayoutTests.swift */; };
		OBJ_104 /* PositionTests.swift in Sources */ = {isa = PBXBuildFile; fileRef = OBJ_40 /* PositionTests.swift */; };
		OBJ_105 /* SizeTests.swift in Sources */ = {isa = PBXBuildFile; fileRef = OBJ_41 /* SizeTests.swift */; };
		OBJ_106 /* StyleTests.swift in Sources */ = {isa = PBXBuildFile; fileRef = OBJ_42 /* StyleTests.swift */; };
		OBJ_107 /* XCTestManifests.swift in Sources */ = {isa = PBXBuildFile; fileRef = OBJ_43 /* XCTestManifests.swift */; };
		OBJ_109 /* Stevia.framework in Frameworks */ = {isa = PBXBuildFile; fileRef = "Stevia::Stevia::Product" /* Stevia.framework */; };
		OBJ_58 /* Stevia+Alignment.swift in Sources */ = {isa = PBXBuildFile; fileRef = OBJ_9 /* Stevia+Alignment.swift */; };
		OBJ_59 /* Stevia+Baselines.swift in Sources */ = {isa = PBXBuildFile; fileRef = OBJ_10 /* Stevia+Baselines.swift */; };
		OBJ_60 /* Stevia+Center.swift in Sources */ = {isa = PBXBuildFile; fileRef = OBJ_11 /* Stevia+Center.swift */; };
		OBJ_61 /* Stevia+Constraints.swift in Sources */ = {isa = PBXBuildFile; fileRef = OBJ_12 /* Stevia+Constraints.swift */; };
		OBJ_62 /* Stevia+Content.swift in Sources */ = {isa = PBXBuildFile; fileRef = OBJ_13 /* Stevia+Content.swift */; };
		OBJ_63 /* Stevia+DoubleDash.swift in Sources */ = {isa = PBXBuildFile; fileRef = OBJ_14 /* Stevia+DoubleDash.swift */; };
		OBJ_64 /* Stevia+Equation.swift in Sources */ = {isa = PBXBuildFile; fileRef = OBJ_15 /* Stevia+Equation.swift */; };
		OBJ_65 /* Stevia+Fill.swift in Sources */ = {isa = PBXBuildFile; fileRef = OBJ_16 /* Stevia+Fill.swift */; };
		OBJ_66 /* Stevia+FlexibleMargin.swift in Sources */ = {isa = PBXBuildFile; fileRef = OBJ_17 /* Stevia+FlexibleMargin.swift */; };
		OBJ_67 /* Stevia+GetConstraint.swift in Sources */ = {isa = PBXBuildFile; fileRef = OBJ_18 /* Stevia+GetConstraint.swift */; };
		OBJ_68 /* Stevia+Hierarchy.swift in Sources */ = {isa = PBXBuildFile; fileRef = OBJ_19 /* Stevia+Hierarchy.swift */; };
		OBJ_69 /* Stevia+LayoutAnchors.swift in Sources */ = {isa = PBXBuildFile; fileRef = OBJ_20 /* Stevia+LayoutAnchors.swift */; };
		OBJ_70 /* Stevia+Notifications.swift in Sources */ = {isa = PBXBuildFile; fileRef = OBJ_21 /* Stevia+Notifications.swift */; };
		OBJ_71 /* Stevia+Operators.swift in Sources */ = {isa = PBXBuildFile; fileRef = OBJ_22 /* Stevia+Operators.swift */; };
		OBJ_72 /* Stevia+Percentage.swift in Sources */ = {isa = PBXBuildFile; fileRef = OBJ_23 /* Stevia+Percentage.swift */; };
		OBJ_73 /* Stevia+Position.swift in Sources */ = {isa = PBXBuildFile; fileRef = OBJ_24 /* Stevia+Position.swift */; };
		OBJ_74 /* Stevia+Size.swift in Sources */ = {isa = PBXBuildFile; fileRef = OBJ_25 /* Stevia+Size.swift */; };
		OBJ_75 /* Stevia+Stacks.swift in Sources */ = {isa = PBXBuildFile; fileRef = OBJ_26 /* Stevia+Stacks.swift */; };
		OBJ_76 /* Stevia+Style.swift in Sources */ = {isa = PBXBuildFile; fileRef = OBJ_27 /* Stevia+Style.swift */; };
		OBJ_83 /* Package.swift in Sources */ = {isa = PBXBuildFile; fileRef = OBJ_6 /* Package.swift */; };
		OBJ_94 /* BaselineTests.swift in Sources */ = {isa = PBXBuildFile; fileRef = OBJ_30 /* BaselineTests.swift */; };
		OBJ_95 /* CenterTests.swift in Sources */ = {isa = PBXBuildFile; fileRef = OBJ_31 /* CenterTests.swift */; };
		OBJ_96 /* ContentTests.swift in Sources */ = {isa = PBXBuildFile; fileRef = OBJ_32 /* ContentTests.swift */; };
		OBJ_97 /* EquationTests.swift in Sources */ = {isa = PBXBuildFile; fileRef = OBJ_33 /* EquationTests.swift */; };
		OBJ_98 /* FillTests.swift in Sources */ = {isa = PBXBuildFile; fileRef = OBJ_34 /* FillTests.swift */; };
		OBJ_99 /* FlexibleMarginTests.swift in Sources */ = {isa = PBXBuildFile; fileRef = OBJ_35 /* FlexibleMarginTests.swift */; };
/* End PBXBuildFile section */

/* Begin PBXContainerItemProxy section */
		992D70172518DABA00FB6C9B /* PBXContainerItemProxy */ = {
			isa = PBXContainerItemProxy;
			containerPortal = OBJ_1 /* Project object */;
			proxyType = 1;
			remoteGlobalIDString = "Stevia::Stevia";
			remoteInfo = Stevia;
		};
		992D701A2518DB1700FB6C9B /* PBXContainerItemProxy */ = {
			isa = PBXContainerItemProxy;
			containerPortal = OBJ_1 /* Project object */;
			proxyType = 1;
			remoteGlobalIDString = "Stevia::SteviaTests";
			remoteInfo = SteviaTests;
		};
/* End PBXContainerItemProxy section */

/* Begin PBXFileReference section */
		OBJ_10 /* Stevia+Baselines.swift */ = {isa = PBXFileReference; lastKnownFileType = sourcecode.swift; path = "Stevia+Baselines.swift"; sourceTree = "<group>"; };
		OBJ_11 /* Stevia+Center.swift */ = {isa = PBXFileReference; lastKnownFileType = sourcecode.swift; path = "Stevia+Center.swift"; sourceTree = "<group>"; };
		OBJ_12 /* Stevia+Constraints.swift */ = {isa = PBXFileReference; lastKnownFileType = sourcecode.swift; path = "Stevia+Constraints.swift"; sourceTree = "<group>"; };
		OBJ_13 /* Stevia+Content.swift */ = {isa = PBXFileReference; lastKnownFileType = sourcecode.swift; path = "Stevia+Content.swift"; sourceTree = "<group>"; };
		OBJ_14 /* Stevia+DoubleDash.swift */ = {isa = PBXFileReference; lastKnownFileType = sourcecode.swift; path = "Stevia+DoubleDash.swift"; sourceTree = "<group>"; };
		OBJ_15 /* Stevia+Equation.swift */ = {isa = PBXFileReference; lastKnownFileType = sourcecode.swift; path = "Stevia+Equation.swift"; sourceTree = "<group>"; };
		OBJ_16 /* Stevia+Fill.swift */ = {isa = PBXFileReference; lastKnownFileType = sourcecode.swift; path = "Stevia+Fill.swift"; sourceTree = "<group>"; };
		OBJ_17 /* Stevia+FlexibleMargin.swift */ = {isa = PBXFileReference; lastKnownFileType = sourcecode.swift; path = "Stevia+FlexibleMargin.swift"; sourceTree = "<group>"; };
		OBJ_18 /* Stevia+GetConstraint.swift */ = {isa = PBXFileReference; lastKnownFileType = sourcecode.swift; path = "Stevia+GetConstraint.swift"; sourceTree = "<group>"; };
		OBJ_19 /* Stevia+Hierarchy.swift */ = {isa = PBXFileReference; lastKnownFileType = sourcecode.swift; path = "Stevia+Hierarchy.swift"; sourceTree = "<group>"; };
		OBJ_20 /* Stevia+LayoutAnchors.swift */ = {isa = PBXFileReference; lastKnownFileType = sourcecode.swift; path = "Stevia+LayoutAnchors.swift"; sourceTree = "<group>"; };
		OBJ_21 /* Stevia+Notifications.swift */ = {isa = PBXFileReference; lastKnownFileType = sourcecode.swift; path = "Stevia+Notifications.swift"; sourceTree = "<group>"; };
		OBJ_22 /* Stevia+Operators.swift */ = {isa = PBXFileReference; lastKnownFileType = sourcecode.swift; path = "Stevia+Operators.swift"; sourceTree = "<group>"; };
		OBJ_23 /* Stevia+Percentage.swift */ = {isa = PBXFileReference; lastKnownFileType = sourcecode.swift; path = "Stevia+Percentage.swift"; sourceTree = "<group>"; };
		OBJ_24 /* Stevia+Position.swift */ = {isa = PBXFileReference; lastKnownFileType = sourcecode.swift; path = "Stevia+Position.swift"; sourceTree = "<group>"; };
		OBJ_25 /* Stevia+Size.swift */ = {isa = PBXFileReference; lastKnownFileType = sourcecode.swift; path = "Stevia+Size.swift"; sourceTree = "<group>"; };
		OBJ_26 /* Stevia+Stacks.swift */ = {isa = PBXFileReference; lastKnownFileType = sourcecode.swift; path = "Stevia+Stacks.swift"; sourceTree = "<group>"; };
		OBJ_27 /* Stevia+Style.swift */ = {isa = PBXFileReference; lastKnownFileType = sourcecode.swift; path = "Stevia+Style.swift"; sourceTree = "<group>"; };
		OBJ_30 /* BaselineTests.swift */ = {isa = PBXFileReference; lastKnownFileType = sourcecode.swift; path = BaselineTests.swift; sourceTree = "<group>"; };
		OBJ_31 /* CenterTests.swift */ = {isa = PBXFileReference; lastKnownFileType = sourcecode.swift; path = CenterTests.swift; sourceTree = "<group>"; };
		OBJ_32 /* ContentTests.swift */ = {isa = PBXFileReference; lastKnownFileType = sourcecode.swift; path = ContentTests.swift; sourceTree = "<group>"; };
		OBJ_33 /* EquationTests.swift */ = {isa = PBXFileReference; lastKnownFileType = sourcecode.swift; path = EquationTests.swift; sourceTree = "<group>"; };
		OBJ_34 /* FillTests.swift */ = {isa = PBXFileReference; lastKnownFileType = sourcecode.swift; path = FillTests.swift; sourceTree = "<group>"; };
		OBJ_35 /* FlexibleMarginTests.swift */ = {isa = PBXFileReference; lastKnownFileType = sourcecode.swift; path = FlexibleMarginTests.swift; sourceTree = "<group>"; };
		OBJ_36 /* FullLayoutTests.swift */ = {isa = PBXFileReference; lastKnownFileType = sourcecode.swift; path = FullLayoutTests.swift; sourceTree = "<group>"; };
		OBJ_37 /* GetConstraintsTests.swift */ = {isa = PBXFileReference; lastKnownFileType = sourcecode.swift; path = GetConstraintsTests.swift; sourceTree = "<group>"; };
		OBJ_38 /* HierarchyTests.swift */ = {isa = PBXFileReference; lastKnownFileType = sourcecode.swift; path = HierarchyTests.swift; sourceTree = "<group>"; };
		OBJ_39 /* LayoutTests.swift */ = {isa = PBXFileReference; lastKnownFileType = sourcecode.swift; path = LayoutTests.swift; sourceTree = "<group>"; };
		OBJ_40 /* PositionTests.swift */ = {isa = PBXFileReference; lastKnownFileType = sourcecode.swift; path = PositionTests.swift; sourceTree = "<group>"; };
		OBJ_41 /* SizeTests.swift */ = {isa = PBXFileReference; lastKnownFileType = sourcecode.swift; path = SizeTests.swift; sourceTree = "<group>"; };
		OBJ_42 /* StyleTests.swift */ = {isa = PBXFileReference; lastKnownFileType = sourcecode.swift; path = StyleTests.swift; sourceTree = "<group>"; };
		OBJ_43 /* XCTestManifests.swift */ = {isa = PBXFileReference; lastKnownFileType = sourcecode.swift; path = XCTestManifests.swift; sourceTree = "<group>"; };
		OBJ_47 /* LoginExample */ = {isa = PBXFileReference; lastKnownFileType = folder; path = LoginExample; sourceTree = SOURCE_ROOT; };
		OBJ_48 /* CODE_OF_CONDUCT.md */ = {isa = PBXFileReference; lastKnownFileType = net.daringfireball.markdown; path = CODE_OF_CONDUCT.md; sourceTree = "<group>"; };
		OBJ_49 /* LICENSE */ = {isa = PBXFileReference; lastKnownFileType = text; path = LICENSE; sourceTree = "<group>"; };
		OBJ_50 /* CHANGELOG.md */ = {isa = PBXFileReference; lastKnownFileType = net.daringfireball.markdown; path = CHANGELOG.md; sourceTree = "<group>"; };
		OBJ_51 /* banner.png */ = {isa = PBXFileReference; lastKnownFileType = image.png; path = banner.png; sourceTree = "<group>"; };
		OBJ_52 /* README.md */ = {isa = PBXFileReference; lastKnownFileType = net.daringfireball.markdown; path = README.md; sourceTree = "<group>"; };
		OBJ_6 /* Package.swift */ = {isa = PBXFileReference; explicitFileType = sourcecode.swift; path = Package.swift; sourceTree = "<group>"; };
		OBJ_9 /* Stevia+Alignment.swift */ = {isa = PBXFileReference; lastKnownFileType = sourcecode.swift; path = "Stevia+Alignment.swift"; sourceTree = "<group>"; };
		"Stevia::Stevia::Product" /* Stevia.framework */ = {isa = PBXFileReference; explicitFileType = wrapper.framework; path = Stevia.framework; sourceTree = BUILT_PRODUCTS_DIR; };
		"Stevia::SteviaTests::Product" /* SteviaTests.xctest */ = {isa = PBXFileReference; explicitFileType = wrapper.cfbundle; path = SteviaTests.xctest; sourceTree = BUILT_PRODUCTS_DIR; };
/* End PBXFileReference section */

/* Begin PBXFrameworksBuildPhase section */
		OBJ_108 /* Frameworks */ = {
			isa = PBXFrameworksBuildPhase;
			buildActionMask = 0;
			files = (
				OBJ_109 /* Stevia.framework in Frameworks */,
			);
			runOnlyForDeploymentPostprocessing = 0;
		};
		OBJ_77 /* Frameworks */ = {
			isa = PBXFrameworksBuildPhase;
			buildActionMask = 0;
			files = (
			);
			runOnlyForDeploymentPostprocessing = 0;
		};
/* End PBXFrameworksBuildPhase section */

/* Begin PBXGroup section */
		OBJ_28 /* Tests */ = {
			isa = PBXGroup;
			children = (
				OBJ_29 /* SteviaTests */,
			);
			name = Tests;
			sourceTree = SOURCE_ROOT;
		};
		OBJ_29 /* SteviaTests */ = {
			isa = PBXGroup;
			children = (
				OBJ_30 /* BaselineTests.swift */,
				OBJ_31 /* CenterTests.swift */,
				OBJ_32 /* ContentTests.swift */,
				OBJ_33 /* EquationTests.swift */,
				OBJ_34 /* FillTests.swift */,
				OBJ_35 /* FlexibleMarginTests.swift */,
				OBJ_36 /* FullLayoutTests.swift */,
				OBJ_37 /* GetConstraintsTests.swift */,
				OBJ_38 /* HierarchyTests.swift */,
				OBJ_39 /* LayoutTests.swift */,
				OBJ_40 /* PositionTests.swift */,
				OBJ_41 /* SizeTests.swift */,
				OBJ_42 /* StyleTests.swift */,
				OBJ_43 /* XCTestManifests.swift */,
			);
			name = SteviaTests;
			path = Tests/SteviaTests;
			sourceTree = SOURCE_ROOT;
		};
		OBJ_44 /* Products */ = {
			isa = PBXGroup;
			children = (
				"Stevia::SteviaTests::Product" /* SteviaTests.xctest */,
				"Stevia::Stevia::Product" /* Stevia.framework */,
			);
			name = Products;
			sourceTree = BUILT_PRODUCTS_DIR;
		};
		OBJ_5 /*  */ = {
			isa = PBXGroup;
			children = (
				OBJ_6 /* Package.swift */,
				OBJ_7 /* Sources */,
				OBJ_28 /* Tests */,
				OBJ_44 /* Products */,
				OBJ_47 /* LoginExample */,
				OBJ_48 /* CODE_OF_CONDUCT.md */,
				OBJ_49 /* LICENSE */,
				OBJ_50 /* CHANGELOG.md */,
				OBJ_51 /* banner.png */,
				OBJ_52 /* README.md */,
			);
			name = "";
			sourceTree = "<group>";
		};
		OBJ_7 /* Sources */ = {
			isa = PBXGroup;
			children = (
				OBJ_8 /* Stevia */,
			);
			name = Sources;
			sourceTree = SOURCE_ROOT;
		};
		OBJ_8 /* Stevia */ = {
			isa = PBXGroup;
			children = (
				OBJ_9 /* Stevia+Alignment.swift */,
				OBJ_10 /* Stevia+Baselines.swift */,
				OBJ_11 /* Stevia+Center.swift */,
				OBJ_12 /* Stevia+Constraints.swift */,
				OBJ_13 /* Stevia+Content.swift */,
				OBJ_14 /* Stevia+DoubleDash.swift */,
				OBJ_15 /* Stevia+Equation.swift */,
				OBJ_16 /* Stevia+Fill.swift */,
				OBJ_17 /* Stevia+FlexibleMargin.swift */,
				OBJ_18 /* Stevia+GetConstraint.swift */,
				OBJ_19 /* Stevia+Hierarchy.swift */,
				OBJ_20 /* Stevia+LayoutAnchors.swift */,
				OBJ_21 /* Stevia+Notifications.swift */,
				OBJ_22 /* Stevia+Operators.swift */,
				OBJ_23 /* Stevia+Percentage.swift */,
				OBJ_24 /* Stevia+Position.swift */,
				OBJ_25 /* Stevia+Size.swift */,
				OBJ_26 /* Stevia+Stacks.swift */,
				OBJ_27 /* Stevia+Style.swift */,
			);
			name = Stevia;
			path = Sources/Stevia;
			sourceTree = SOURCE_ROOT;
		};
/* End PBXGroup section */

/* Begin PBXNativeTarget section */
		"Stevia::Stevia" /* Stevia */ = {
			isa = PBXNativeTarget;
			buildConfigurationList = OBJ_54 /* Build configuration list for PBXNativeTarget "Stevia" */;
			buildPhases = (
				OBJ_57 /* Sources */,
				OBJ_77 /* Frameworks */,
			);
			buildRules = (
			);
			dependencies = (
			);
			name = Stevia;
			productName = Stevia;
			productReference = "Stevia::Stevia::Product" /* Stevia.framework */;
			productType = "com.apple.product-type.framework";
		};
		"Stevia::SteviaTests" /* SteviaTests */ = {
			isa = PBXNativeTarget;
			buildConfigurationList = OBJ_90 /* Build configuration list for PBXNativeTarget "SteviaTests" */;
			buildPhases = (
				OBJ_93 /* Sources */,
				OBJ_108 /* Frameworks */,
			);
			buildRules = (
			);
			dependencies = (
				OBJ_110 /* PBXTargetDependency */,
			);
			name = SteviaTests;
			productName = SteviaTests;
			productReference = "Stevia::SteviaTests::Product" /* SteviaTests.xctest */;
			productType = "com.apple.product-type.bundle.unit-test";
		};
		"Stevia::SwiftPMPackageDescription" /* SteviaPackageDescription */ = {
			isa = PBXNativeTarget;
			buildConfigurationList = OBJ_79 /* Build configuration list for PBXNativeTarget "SteviaPackageDescription" */;
			buildPhases = (
				OBJ_82 /* Sources */,
			);
			buildRules = (
			);
			dependencies = (
			);
			name = SteviaPackageDescription;
			productName = SteviaPackageDescription;
			productType = "com.apple.product-type.framework";
		};
/* End PBXNativeTarget section */

/* Begin PBXProject section */
		OBJ_1 /* Project object */ = {
			isa = PBXProject;
			attributes = {
				LastSwiftMigration = 9999;
				LastUpgradeCheck = 9999;
			};
			buildConfigurationList = OBJ_2 /* Build configuration list for PBXProject "Stevia" */;
			compatibilityVersion = "Xcode 3.2";
			developmentRegion = en;
			hasScannedForEncodings = 0;
			knownRegions = (
				en,
			);
			mainGroup = OBJ_5 /*  */;
			productRefGroup = OBJ_44 /* Products */;
			projectDirPath = "";
			projectRoot = "";
			targets = (
				"Stevia::Stevia" /* Stevia */,
				"Stevia::SwiftPMPackageDescription" /* SteviaPackageDescription */,
				"Stevia::SteviaPackageTests::ProductTarget" /* SteviaPackageTests */,
				"Stevia::SteviaTests" /* SteviaTests */,
			);
		};
/* End PBXProject section */

/* Begin PBXSourcesBuildPhase section */
		OBJ_57 /* Sources */ = {
			isa = PBXSourcesBuildPhase;
			buildActionMask = 0;
			files = (
				OBJ_58 /* Stevia+Alignment.swift in Sources */,
				OBJ_59 /* Stevia+Baselines.swift in Sources */,
				OBJ_60 /* Stevia+Center.swift in Sources */,
				OBJ_61 /* Stevia+Constraints.swift in Sources */,
				OBJ_62 /* Stevia+Content.swift in Sources */,
				OBJ_63 /* Stevia+DoubleDash.swift in Sources */,
				OBJ_64 /* Stevia+Equation.swift in Sources */,
				OBJ_65 /* Stevia+Fill.swift in Sources */,
				OBJ_66 /* Stevia+FlexibleMargin.swift in Sources */,
				OBJ_67 /* Stevia+GetConstraint.swift in Sources */,
				OBJ_68 /* Stevia+Hierarchy.swift in Sources */,
				OBJ_69 /* Stevia+LayoutAnchors.swift in Sources */,
				OBJ_70 /* Stevia+Notifications.swift in Sources */,
				OBJ_71 /* Stevia+Operators.swift in Sources */,
				OBJ_72 /* Stevia+Percentage.swift in Sources */,
				OBJ_73 /* Stevia+Position.swift in Sources */,
				OBJ_74 /* Stevia+Size.swift in Sources */,
				OBJ_75 /* Stevia+Stacks.swift in Sources */,
				OBJ_76 /* Stevia+Style.swift in Sources */,
			);
			runOnlyForDeploymentPostprocessing = 0;
		};
		OBJ_82 /* Sources */ = {
			isa = PBXSourcesBuildPhase;
			buildActionMask = 0;
			files = (
				OBJ_83 /* Package.swift in Sources */,
			);
			runOnlyForDeploymentPostprocessing = 0;
		};
		OBJ_93 /* Sources */ = {
			isa = PBXSourcesBuildPhase;
			buildActionMask = 0;
			files = (
				OBJ_94 /* BaselineTests.swift in Sources */,
				OBJ_95 /* CenterTests.swift in Sources */,
				OBJ_96 /* ContentTests.swift in Sources */,
				OBJ_97 /* EquationTests.swift in Sources */,
				OBJ_98 /* FillTests.swift in Sources */,
				OBJ_99 /* FlexibleMarginTests.swift in Sources */,
				OBJ_100 /* FullLayoutTests.swift in Sources */,
				OBJ_101 /* GetConstraintsTests.swift in Sources */,
				OBJ_102 /* HierarchyTests.swift in Sources */,
				OBJ_103 /* LayoutTests.swift in Sources */,
				OBJ_104 /* PositionTests.swift in Sources */,
				OBJ_105 /* SizeTests.swift in Sources */,
				OBJ_106 /* StyleTests.swift in Sources */,
				OBJ_107 /* XCTestManifests.swift in Sources */,
			);
			runOnlyForDeploymentPostprocessing = 0;
		};
/* End PBXSourcesBuildPhase section */

/* Begin PBXTargetDependency section */
		OBJ_110 /* PBXTargetDependency */ = {
			isa = PBXTargetDependency;
			target = "Stevia::Stevia" /* Stevia */;
			targetProxy = 992D70172518DABA00FB6C9B /* PBXContainerItemProxy */;
		};
		OBJ_88 /* PBXTargetDependency */ = {
			isa = PBXTargetDependency;
			target = "Stevia::SteviaTests" /* SteviaTests */;
			targetProxy = 992D701A2518DB1700FB6C9B /* PBXContainerItemProxy */;
		};
/* End PBXTargetDependency section */

/* Begin XCBuildConfiguration section */
		OBJ_3 /* Debug */ = {
			isa = XCBuildConfiguration;
			buildSettings = {
				CLANG_ENABLE_OBJC_ARC = YES;
				COMBINE_HIDPI_IMAGES = YES;
				COPY_PHASE_STRIP = NO;
				DEBUG_INFORMATION_FORMAT = dwarf;
				DYLIB_INSTALL_NAME_BASE = "@rpath";
				ENABLE_NS_ASSERTIONS = YES;
				GCC_OPTIMIZATION_LEVEL = 0;
				GCC_PREPROCESSOR_DEFINITIONS = (
					"$(inherited)",
					"SWIFT_PACKAGE=1",
					"DEBUG=1",
				);
				MACOSX_DEPLOYMENT_TARGET = 10.10;
				ONLY_ACTIVE_ARCH = YES;
				OTHER_SWIFT_FLAGS = "$(inherited) -DXcode";
				PRODUCT_NAME = "$(TARGET_NAME)";
				SDKROOT = macosx;
				SUPPORTED_PLATFORMS = "macosx iphoneos iphonesimulator appletvos appletvsimulator watchos watchsimulator";
				SWIFT_ACTIVE_COMPILATION_CONDITIONS = "$(inherited) SWIFT_PACKAGE DEBUG";
				SWIFT_OPTIMIZATION_LEVEL = "-Onone";
				USE_HEADERMAP = NO;
			};
			name = Debug;
		};
		OBJ_4 /* Release */ = {
			isa = XCBuildConfiguration;
			buildSettings = {
				CLANG_ENABLE_OBJC_ARC = YES;
				COMBINE_HIDPI_IMAGES = YES;
				COPY_PHASE_STRIP = YES;
				DEBUG_INFORMATION_FORMAT = "dwarf-with-dsym";
				DYLIB_INSTALL_NAME_BASE = "@rpath";
				GCC_OPTIMIZATION_LEVEL = s;
				GCC_PREPROCESSOR_DEFINITIONS = (
					"$(inherited)",
					"SWIFT_PACKAGE=1",
				);
				MACOSX_DEPLOYMENT_TARGET = 10.10;
				OTHER_SWIFT_FLAGS = "$(inherited) -DXcode";
				PRODUCT_NAME = "$(TARGET_NAME)";
				SDKROOT = macosx;
				SUPPORTED_PLATFORMS = "macosx iphoneos iphonesimulator appletvos appletvsimulator watchos watchsimulator";
				SWIFT_ACTIVE_COMPILATION_CONDITIONS = "$(inherited) SWIFT_PACKAGE";
				SWIFT_OPTIMIZATION_LEVEL = "-Owholemodule";
				USE_HEADERMAP = NO;
			};
			name = Release;
		};
		OBJ_55 /* Debug */ = {
			isa = XCBuildConfiguration;
			buildSettings = {
				ENABLE_TESTABILITY = YES;
				FRAMEWORK_SEARCH_PATHS = (
					"$(inherited)",
					"$(PLATFORM_DIR)/Developer/Library/Frameworks",
				);
				HEADER_SEARCH_PATHS = "$(inherited)";
				INFOPLIST_FILE = Stevia.xcodeproj/Stevia_Info.plist;
				IPHONEOS_DEPLOYMENT_TARGET = 9.0;
				LD_RUNPATH_SEARCH_PATHS = "$(inherited) $(TOOLCHAIN_DIR)/usr/lib/swift/macosx";
				MACOSX_DEPLOYMENT_TARGET = 10.10;
				MARKETING_VERSION = 5.0.2;
				OTHER_CFLAGS = "$(inherited)";
				OTHER_LDFLAGS = "$(inherited)";
				OTHER_SWIFT_FLAGS = "$(inherited)";
				PRODUCT_BUNDLE_IDENTIFIER = Stevia;
				PRODUCT_MODULE_NAME = "$(TARGET_NAME:c99extidentifier)";
				PRODUCT_NAME = "$(TARGET_NAME:c99extidentifier)";
				SKIP_INSTALL = YES;
				SWIFT_ACTIVE_COMPILATION_CONDITIONS = "$(inherited)";
				SWIFT_VERSION = 5.0;
				TARGET_NAME = Stevia;
				TVOS_DEPLOYMENT_TARGET = 10.0;
				WATCHOS_DEPLOYMENT_TARGET = 2.0;
			};
			name = Debug;
		};
		OBJ_56 /* Release */ = {
			isa = XCBuildConfiguration;
			buildSettings = {
				ENABLE_TESTABILITY = YES;
				FRAMEWORK_SEARCH_PATHS = (
					"$(inherited)",
					"$(PLATFORM_DIR)/Developer/Library/Frameworks",
				);
				HEADER_SEARCH_PATHS = "$(inherited)";
				INFOPLIST_FILE = Stevia.xcodeproj/Stevia_Info.plist;
				IPHONEOS_DEPLOYMENT_TARGET = 9.0;
				LD_RUNPATH_SEARCH_PATHS = "$(inherited) $(TOOLCHAIN_DIR)/usr/lib/swift/macosx";
				MACOSX_DEPLOYMENT_TARGET = 10.10;
				MARKETING_VERSION = 5.0.2;
				OTHER_CFLAGS = "$(inherited)";
				OTHER_LDFLAGS = "$(inherited)";
				OTHER_SWIFT_FLAGS = "$(inherited)";
				PRODUCT_BUNDLE_IDENTIFIER = Stevia;
				PRODUCT_MODULE_NAME = "$(TARGET_NAME:c99extidentifier)";
				PRODUCT_NAME = "$(TARGET_NAME:c99extidentifier)";
				SKIP_INSTALL = YES;
				SWIFT_ACTIVE_COMPILATION_CONDITIONS = "$(inherited)";
				SWIFT_VERSION = 5.0;
				TARGET_NAME = Stevia;
				TVOS_DEPLOYMENT_TARGET = 10.0;
				WATCHOS_DEPLOYMENT_TARGET = 2.0;
			};
			name = Release;
		};
		OBJ_80 /* Debug */ = {
			isa = XCBuildConfiguration;
			buildSettings = {
				LD = /usr/bin/true;
				OTHER_SWIFT_FLAGS = "-swift-version 5 -I $(TOOLCHAIN_DIR)/usr/lib/swift/pm/4_2 -sdk /Applications/Xcode.app/Contents/Developer/Platforms/MacOSX.platform/Developer/SDKs/MacOSX10.15.sdk -package-description-version 5.3.0";
				SWIFT_VERSION = 5.0;
			};
			name = Debug;
		};
		OBJ_81 /* Release */ = {
			isa = XCBuildConfiguration;
			buildSettings = {
				LD = /usr/bin/true;
				OTHER_SWIFT_FLAGS = "-swift-version 5 -I $(TOOLCHAIN_DIR)/usr/lib/swift/pm/4_2 -sdk /Applications/Xcode.app/Contents/Developer/Platforms/MacOSX.platform/Developer/SDKs/MacOSX10.15.sdk -package-description-version 5.3.0";
				SWIFT_VERSION = 5.0;
			};
			name = Release;
		};
		OBJ_86 /* Debug */ = {
			isa = XCBuildConfiguration;
			buildSettings = {
			};
			name = Debug;
		};
		OBJ_87 /* Release */ = {
			isa = XCBuildConfiguration;
			buildSettings = {
			};
			name = Release;
		};
		OBJ_91 /* Debug */ = {
			isa = XCBuildConfiguration;
			buildSettings = {
				CLANG_ENABLE_MODULES = YES;
				EMBEDDED_CONTENT_CONTAINS_SWIFT = YES;
				FRAMEWORK_SEARCH_PATHS = (
					"$(inherited)",
					"$(PLATFORM_DIR)/Developer/Library/Frameworks",
				);
				HEADER_SEARCH_PATHS = "$(inherited)";
				INFOPLIST_FILE = Stevia.xcodeproj/SteviaTests_Info.plist;
				IPHONEOS_DEPLOYMENT_TARGET = 9.0;
				LD_RUNPATH_SEARCH_PATHS = "$(inherited) @loader_path/../Frameworks @loader_path/Frameworks";
				MACOSX_DEPLOYMENT_TARGET = 10.15;
				OTHER_CFLAGS = "$(inherited)";
				OTHER_LDFLAGS = "$(inherited)";
				OTHER_SWIFT_FLAGS = "$(inherited)";
				SWIFT_ACTIVE_COMPILATION_CONDITIONS = "$(inherited)";
				SWIFT_VERSION = 5.0;
				TARGET_NAME = SteviaTests;
				TVOS_DEPLOYMENT_TARGET = 10.0;
				WATCHOS_DEPLOYMENT_TARGET = 2.0;
			};
			name = Debug;
		};
		OBJ_92 /* Release */ = {
			isa = XCBuildConfiguration;
			buildSettings = {
				CLANG_ENABLE_MODULES = YES;
				EMBEDDED_CONTENT_CONTAINS_SWIFT = YES;
				FRAMEWORK_SEARCH_PATHS = (
					"$(inherited)",
					"$(PLATFORM_DIR)/Developer/Library/Frameworks",
				);
				HEADER_SEARCH_PATHS = "$(inherited)";
				INFOPLIST_FILE = Stevia.xcodeproj/SteviaTests_Info.plist;
				IPHONEOS_DEPLOYMENT_TARGET = 9.0;
				LD_RUNPATH_SEARCH_PATHS = "$(inherited) @loader_path/../Frameworks @loader_path/Frameworks";
				MACOSX_DEPLOYMENT_TARGET = 10.15;
				OTHER_CFLAGS = "$(inherited)";
				OTHER_LDFLAGS = "$(inherited)";
				OTHER_SWIFT_FLAGS = "$(inherited)";
				SWIFT_ACTIVE_COMPILATION_CONDITIONS = "$(inherited)";
				SWIFT_VERSION = 5.0;
				TARGET_NAME = SteviaTests;
				TVOS_DEPLOYMENT_TARGET = 10.0;
				WATCHOS_DEPLOYMENT_TARGET = 2.0;
			};
			name = Release;
		};
/* End XCBuildConfiguration section */

/* Begin XCConfigurationList section */
		OBJ_2 /* Build configuration list for PBXProject "Stevia" */ = {
			isa = XCConfigurationList;
			buildConfigurations = (
				OBJ_3 /* Debug */,
				OBJ_4 /* Release */,
			);
			defaultConfigurationIsVisible = 0;
			defaultConfigurationName = Release;
		};
		OBJ_54 /* Build configuration list for PBXNativeTarget "Stevia" */ = {
			isa = XCConfigurationList;
			buildConfigurations = (
				OBJ_55 /* Debug */,
				OBJ_56 /* Release */,
			);
			defaultConfigurationIsVisible = 0;
			defaultConfigurationName = Release;
		};
		OBJ_79 /* Build configuration list for PBXNativeTarget "SteviaPackageDescription" */ = {
			isa = XCConfigurationList;
			buildConfigurations = (
				OBJ_80 /* Debug */,
				OBJ_81 /* Release */,
			);
			defaultConfigurationIsVisible = 0;
			defaultConfigurationName = Release;
		};
		OBJ_85 /* Build configuration list for PBXAggregateTarget "SteviaPackageTests" */ = {
			isa = XCConfigurationList;
			buildConfigurations = (
				OBJ_86 /* Debug */,
				OBJ_87 /* Release */,
			);
			defaultConfigurationIsVisible = 0;
			defaultConfigurationName = Release;
		};
		OBJ_90 /* Build configuration list for PBXNativeTarget "SteviaTests" */ = {
			isa = XCConfigurationList;
			buildConfigurations = (
				OBJ_91 /* Debug */,
				OBJ_92 /* Release */,
			);
			defaultConfigurationIsVisible = 0;
			defaultConfigurationName = Release;
		};
/* End XCConfigurationList section */
	};
	rootObject = OBJ_1 /* Project object */;
}
