// !$*UTF8*$!
{
	archiveVersion = 1;
	classes = {
	};
	objectVersion = 46;
	objects = {

/* Begin PBXBuildFile section */
		99366F471BCBD85E00F7B1BC /* Stevia+Content.swift in Sources */ = {isa = PBXBuildFile; fileRef = 99366F401BCBD85E00F7B1BC /* Stevia+Content.swift */; settings = {ASSET_TAGS = (); }; };
		99366F481BCBD85E00F7B1BC /* Stevia+Hierachy.swift in Sources */ = {isa = PBXBuildFile; fileRef = 99366F411BCBD85E00F7B1BC /* Stevia+Hierachy.swift */; settings = {ASSET_TAGS = (); }; };
		99366F491BCBD85E00F7B1BC /* Stevia+Notifications.swift in Sources */ = {isa = PBXBuildFile; fileRef = 99366F421BCBD85E00F7B1BC /* Stevia+Notifications.swift */; settings = {ASSET_TAGS = (); }; };
		99366F4A1BCBD85E00F7B1BC /* Stevia+Style.swift in Sources */ = {isa = PBXBuildFile; fileRef = 99366F431BCBD85E00F7B1BC /* Stevia+Style.swift */; settings = {ASSET_TAGS = (); }; };
		99366F4B1BCBD85E00F7B1BC /* Stevia+Tap.swift in Sources */ = {isa = PBXBuildFile; fileRef = 99366F441BCBD85E00F7B1BC /* Stevia+Tap.swift */; settings = {ASSET_TAGS = (); }; };
		99366F4C1BCBD85E00F7B1BC /* Stevia+VisualFormat.swift in Sources */ = {isa = PBXBuildFile; fileRef = 99366F451BCBD85E00F7B1BC /* Stevia+VisualFormat.swift */; settings = {ASSET_TAGS = (); }; };
		9968A17C1BCC15C20024373C /* Stevia+Constraints.swift in Sources */ = {isa = PBXBuildFile; fileRef = 9968A17B1BCC15C20024373C /* Stevia+Constraints.swift */; settings = {ASSET_TAGS = (); }; };
		99FC80DF1BBD147B0068503C /* AppDelegate.swift in Sources */ = {isa = PBXBuildFile; fileRef = 99FC80DE1BBD147B0068503C /* AppDelegate.swift */; };
		99FC80E11BBD147B0068503C /* ViewController.swift in Sources */ = {isa = PBXBuildFile; fileRef = 99FC80E01BBD147B0068503C /* ViewController.swift */; };
		99FC80E41BBD147B0068503C /* Main.storyboard in Resources */ = {isa = PBXBuildFile; fileRef = 99FC80E21BBD147B0068503C /* Main.storyboard */; };
		99FC80E61BBD147B0068503C /* Assets.xcassets in Resources */ = {isa = PBXBuildFile; fileRef = 99FC80E51BBD147B0068503C /* Assets.xcassets */; };
		99FC80E91BBD147B0068503C /* LaunchScreen.storyboard in Resources */ = {isa = PBXBuildFile; fileRef = 99FC80E71BBD147B0068503C /* LaunchScreen.storyboard */; };
		99FC80F31BBD14BB0068503C /* LoginViewNative.swift in Sources */ = {isa = PBXBuildFile; fileRef = 99FC80F21BBD14BB0068503C /* LoginViewNative.swift */; settings = {ASSET_TAGS = (); }; };
		99FC80FA1BBD16840068503C /* LoginViewStevia.swift in Sources */ = {isa = PBXBuildFile; fileRef = 99FC80F91BBD16840068503C /* LoginViewStevia.swift */; settings = {ASSET_TAGS = (); }; };
/* End PBXBuildFile section */

/* Begin PBXFileReference section */
		99366F401BCBD85E00F7B1BC /* Stevia+Content.swift */ = {isa = PBXFileReference; fileEncoding = 4; lastKnownFileType = sourcecode.swift; path = "Stevia+Content.swift"; sourceTree = "<group>"; };
		99366F411BCBD85E00F7B1BC /* Stevia+Hierachy.swift */ = {isa = PBXFileReference; fileEncoding = 4; lastKnownFileType = sourcecode.swift; path = "Stevia+Hierachy.swift"; sourceTree = "<group>"; };
		99366F421BCBD85E00F7B1BC /* Stevia+Notifications.swift */ = {isa = PBXFileReference; fileEncoding = 4; lastKnownFileType = sourcecode.swift; path = "Stevia+Notifications.swift"; sourceTree = "<group>"; };
		99366F431BCBD85E00F7B1BC /* Stevia+Style.swift */ = {isa = PBXFileReference; fileEncoding = 4; lastKnownFileType = sourcecode.swift; path = "Stevia+Style.swift"; sourceTree = "<group>"; };
		99366F441BCBD85E00F7B1BC /* Stevia+Tap.swift */ = {isa = PBXFileReference; fileEncoding = 4; lastKnownFileType = sourcecode.swift; path = "Stevia+Tap.swift"; sourceTree = "<group>"; };
		99366F451BCBD85E00F7B1BC /* Stevia+VisualFormat.swift */ = {isa = PBXFileReference; fileEncoding = 4; lastKnownFileType = sourcecode.swift; path = "Stevia+VisualFormat.swift"; sourceTree = "<group>"; };
		9968A17B1BCC15C20024373C /* Stevia+Constraints.swift */ = {isa = PBXFileReference; fileEncoding = 4; lastKnownFileType = sourcecode.swift; path = "Stevia+Constraints.swift"; sourceTree = "<group>"; };
		99FC80DB1BBD147B0068503C /* LoginStevia.app */ = {isa = PBXFileReference; explicitFileType = wrapper.application; includeInIndex = 0; path = LoginStevia.app; sourceTree = BUILT_PRODUCTS_DIR; };
		99FC80DE1BBD147B0068503C /* AppDelegate.swift */ = {isa = PBXFileReference; lastKnownFileType = sourcecode.swift; path = AppDelegate.swift; sourceTree = "<group>"; };
		99FC80E01BBD147B0068503C /* ViewController.swift */ = {isa = PBXFileReference; lastKnownFileType = sourcecode.swift; path = ViewController.swift; sourceTree = "<group>"; };
		99FC80E31BBD147B0068503C /* Base */ = {isa = PBXFileReference; lastKnownFileType = file.storyboard; name = Base; path = Base.lproj/Main.storyboard; sourceTree = "<group>"; };
		99FC80E51BBD147B0068503C /* Assets.xcassets */ = {isa = PBXFileReference; lastKnownFileType = folder.assetcatalog; path = Assets.xcassets; sourceTree = "<group>"; };
		99FC80E81BBD147B0068503C /* Base */ = {isa = PBXFileReference; lastKnownFileType = file.storyboard; name = Base; path = Base.lproj/LaunchScreen.storyboard; sourceTree = "<group>"; };
		99FC80EA1BBD147B0068503C /* Info.plist */ = {isa = PBXFileReference; lastKnownFileType = text.plist.xml; path = Info.plist; sourceTree = "<group>"; };
		99FC80F21BBD14BB0068503C /* LoginViewNative.swift */ = {isa = PBXFileReference; fileEncoding = 4; lastKnownFileType = sourcecode.swift; path = LoginViewNative.swift; sourceTree = "<group>"; };
		99FC80F91BBD16840068503C /* LoginViewStevia.swift */ = {isa = PBXFileReference; fileEncoding = 4; lastKnownFileType = sourcecode.swift; path = LoginViewStevia.swift; sourceTree = "<group>"; };
/* End PBXFileReference section */

/* Begin PBXFrameworksBuildPhase section */
		99FC80D81BBD147B0068503C /* Frameworks */ = {
			isa = PBXFrameworksBuildPhase;
			buildActionMask = 2147483647;
			files = (
			);
			runOnlyForDeploymentPostprocessing = 0;
		};
/* End PBXFrameworksBuildPhase section */

/* Begin PBXGroup section */
		99366F3E1BCBD85E00F7B1BC /* Source */ = {
			isa = PBXGroup;
			children = (
				9968A17B1BCC15C20024373C /* Stevia+Constraints.swift */,
				99366F401BCBD85E00F7B1BC /* Stevia+Content.swift */,
				99366F411BCBD85E00F7B1BC /* Stevia+Hierachy.swift */,
				99366F421BCBD85E00F7B1BC /* Stevia+Notifications.swift */,
				99366F431BCBD85E00F7B1BC /* Stevia+Style.swift */,
				99366F441BCBD85E00F7B1BC /* Stevia+Tap.swift */,
				99366F451BCBD85E00F7B1BC /* Stevia+VisualFormat.swift */,
			);
			name = Source;
			path = ../../Source;
			sourceTree = "<group>";
		};
		99FC80D21BBD147B0068503C = {
			isa = PBXGroup;
			children = (
				99FC80DD1BBD147B0068503C /* LoginNadir */,
				99FC80DC1BBD147B0068503C /* Products */,
			);
			sourceTree = "<group>";
		};
		99FC80DC1BBD147B0068503C /* Products */ = {
			isa = PBXGroup;
			children = (
				99FC80DB1BBD147B0068503C /* LoginStevia.app */,
			);
			name = Products;
			sourceTree = "<group>";
		};
		99FC80DD1BBD147B0068503C /* LoginNadir */ = {
			isa = PBXGroup;
			children = (
				99FC80DE1BBD147B0068503C /* AppDelegate.swift */,
				99FC80E01BBD147B0068503C /* ViewController.swift */,
				99FC80F21BBD14BB0068503C /* LoginViewNative.swift */,
				99FC80F91BBD16840068503C /* LoginViewStevia.swift */,
				99366F3E1BCBD85E00F7B1BC /* Source */,
				99FC80E21BBD147B0068503C /* Main.storyboard */,
				99FC80E51BBD147B0068503C /* Assets.xcassets */,
				99FC80E71BBD147B0068503C /* LaunchScreen.storyboard */,
				99FC80EA1BBD147B0068503C /* Info.plist */,
			);
			path = LoginNadir;
			sourceTree = "<group>";
		};
/* End PBXGroup section */

/* Begin PBXNativeTarget section */
		99FC80DA1BBD147B0068503C /* LoginStevia */ = {
			isa = PBXNativeTarget;
			buildConfigurationList = 99FC80ED1BBD147B0068503C /* Build configuration list for PBXNativeTarget "LoginStevia" */;
			buildPhases = (
				99FC80D71BBD147B0068503C /* Sources */,
				99FC80D81BBD147B0068503C /* Frameworks */,
				99FC80D91BBD147B0068503C /* Resources */,
			);
			buildRules = (
			);
			dependencies = (
			);
			name = LoginStevia;
			productName = LoginNadir;
			productReference = 99FC80DB1BBD147B0068503C /* LoginStevia.app */;
			productType = "com.apple.product-type.application";
		};
/* End PBXNativeTarget section */

/* Begin PBXProject section */
		99FC80D31BBD147B0068503C /* Project object */ = {
			isa = PBXProject;
			attributes = {
				LastUpgradeCheck = 0700;
				ORGANIZATIONNAME = "Sacha Durand Saint Omer";
				TargetAttributes = {
					99FC80DA1BBD147B0068503C = {
						CreatedOnToolsVersion = 7.0;
					};
				};
			};
			buildConfigurationList = 99FC80D61BBD147B0068503C /* Build configuration list for PBXProject "LoginStevia" */;
			compatibilityVersion = "Xcode 3.2";
			developmentRegion = English;
			hasScannedForEncodings = 0;
			knownRegions = (
				en,
				Base,
			);
			mainGroup = 99FC80D21BBD147B0068503C;
			productRefGroup = 99FC80DC1BBD147B0068503C /* Products */;
			projectDirPath = "";
			projectRoot = "";
			targets = (
				99FC80DA1BBD147B0068503C /* LoginStevia */,
			);
		};
/* End PBXProject section */

/* Begin PBXResourcesBuildPhase section */
		99FC80D91BBD147B0068503C /* Resources */ = {
			isa = PBXResourcesBuildPhase;
			buildActionMask = 2147483647;
			files = (
				99FC80E91BBD147B0068503C /* LaunchScreen.storyboard in Resources */,
				99FC80E61BBD147B0068503C /* Assets.xcassets in Resources */,
				99FC80E41BBD147B0068503C /* Main.storyboard in Resources */,
			);
			runOnlyForDeploymentPostprocessing = 0;
		};
/* End PBXResourcesBuildPhase section */

/* Begin PBXSourcesBuildPhase section */
		99FC80D71BBD147B0068503C /* Sources */ = {
			isa = PBXSourcesBuildPhase;
			buildActionMask = 2147483647;
			files = (
				99366F4C1BCBD85E00F7B1BC /* Stevia+VisualFormat.swift in Sources */,
				99FC80F31BBD14BB0068503C /* LoginViewNative.swift in Sources */,
				99366F471BCBD85E00F7B1BC /* Stevia+Content.swift in Sources */,
				99FC80FA1BBD16840068503C /* LoginViewStevia.swift in Sources */,
				99FC80E11BBD147B0068503C /* ViewController.swift in Sources */,
				99FC80DF1BBD147B0068503C /* AppDelegate.swift in Sources */,
				9968A17C1BCC15C20024373C /* Stevia+Constraints.swift in Sources */,
				99366F491BCBD85E00F7B1BC /* Stevia+Notifications.swift in Sources */,
				99366F4B1BCBD85E00F7B1BC /* Stevia+Tap.swift in Sources */,
				99366F4A1BCBD85E00F7B1BC /* Stevia+Style.swift in Sources */,
				99366F481BCBD85E00F7B1BC /* Stevia+Hierachy.swift in Sources */,
			);
			runOnlyForDeploymentPostprocessing = 0;
		};
/* End PBXSourcesBuildPhase section */

/* Begin PBXVariantGroup section */
		99FC80E21BBD147B0068503C /* Main.storyboard */ = {
			isa = PBXVariantGroup;
			children = (
				99FC80E31BBD147B0068503C /* Base */,
			);
			name = Main.storyboard;
			sourceTree = "<group>";
		};
		99FC80E71BBD147B0068503C /* LaunchScreen.storyboard */ = {
			isa = PBXVariantGroup;
			children = (
				99FC80E81BBD147B0068503C /* Base */,
			);
			name = LaunchScreen.storyboard;
			sourceTree = "<group>";
		};
/* End PBXVariantGroup section */

/* Begin XCBuildConfiguration section */
		99FC80EB1BBD147B0068503C /* Debug */ = {
			isa = XCBuildConfiguration;
			buildSettings = {
				ALWAYS_SEARCH_USER_PATHS = NO;
				CLANG_CXX_LANGUAGE_STANDARD = "gnu++0x";
				CLANG_CXX_LIBRARY = "libc++";
				CLANG_ENABLE_MODULES = YES;
				CLANG_ENABLE_OBJC_ARC = YES;
				CLANG_WARN_BOOL_CONVERSION = YES;
				CLANG_WARN_CONSTANT_CONVERSION = YES;
				CLANG_WARN_DIRECT_OBJC_ISA_USAGE = YES_ERROR;
				CLANG_WARN_EMPTY_BODY = YES;
				CLANG_WARN_ENUM_CONVERSION = YES;
				CLANG_WARN_INT_CONVERSION = YES;
				CLANG_WARN_OBJC_ROOT_CLASS = YES_ERROR;
				CLANG_WARN_UNREACHABLE_CODE = YES;
				CLANG_WARN__DUPLICATE_METHOD_MATCH = YES;
				"CODE_SIGN_IDENTITY[sdk=iphoneos*]" = "iPhone Developer";
				COPY_PHASE_STRIP = NO;
				DEBUG_INFORMATION_FORMAT = dwarf;
				ENABLE_STRICT_OBJC_MSGSEND = YES;
				ENABLE_TESTABILITY = YES;
				GCC_C_LANGUAGE_STANDARD = gnu99;
				GCC_DYNAMIC_NO_PIC = NO;
				GCC_NO_COMMON_BLOCKS = YES;
				GCC_OPTIMIZATION_LEVEL = 0;
				GCC_PREPROCESSOR_DEFINITIONS = (
					"DEBUG=1",
					"$(inherited)",
				);
				GCC_WARN_64_TO_32_BIT_CONVERSION = YES;
				GCC_WARN_ABOUT_RETURN_TYPE = YES_ERROR;
				GCC_WARN_UNDECLARED_SELECTOR = YES;
				GCC_WARN_UNINITIALIZED_AUTOS = YES_AGGRESSIVE;
				GCC_WARN_UNUSED_FUNCTION = YES;
				GCC_WARN_UNUSED_VARIABLE = YES;
				IPHONEOS_DEPLOYMENT_TARGET = 9.0;
				MTL_ENABLE_DEBUG_INFO = YES;
				ONLY_ACTIVE_ARCH = YES;
				SDKROOT = iphoneos;
				SWIFT_OPTIMIZATION_LEVEL = "-Onone";
			};
			name = Debug;
		};
		99FC80EC1BBD147B0068503C /* Release */ = {
			isa = XCBuildConfiguration;
			buildSettings = {
				ALWAYS_SEARCH_USER_PATHS = NO;
				CLANG_CXX_LANGUAGE_STANDARD = "gnu++0x";
				CLANG_CXX_LIBRARY = "libc++";
				CLANG_ENABLE_MODULES = YES;
				CLANG_ENABLE_OBJC_ARC = YES;
				CLANG_WARN_BOOL_CONVERSION = YES;
				CLANG_WARN_CONSTANT_CONVERSION = YES;
				CLANG_WARN_DIRECT_OBJC_ISA_USAGE = YES_ERROR;
				CLANG_WARN_EMPTY_BODY = YES;
				CLANG_WARN_ENUM_CONVERSION = YES;
				CLANG_WARN_INT_CONVERSION = YES;
				CLANG_WARN_OBJC_ROOT_CLASS = YES_ERROR;
				CLANG_WARN_UNREACHABLE_CODE = YES;
				CLANG_WARN__DUPLICATE_METHOD_MATCH = YES;
				"CODE_SIGN_IDENTITY[sdk=iphoneos*]" = "iPhone Developer";
				COPY_PHASE_STRIP = NO;
				DEBUG_INFORMATION_FORMAT = "dwarf-with-dsym";
				ENABLE_NS_ASSERTIONS = NO;
				ENABLE_STRICT_OBJC_MSGSEND = YES;
				GCC_C_LANGUAGE_STANDARD = gnu99;
				GCC_NO_COMMON_BLOCKS = YES;
				GCC_WARN_64_TO_32_BIT_CONVERSION = YES;
				GCC_WARN_ABOUT_RETURN_TYPE = YES_ERROR;
				GCC_WARN_UNDECLARED_SELECTOR = YES;
				GCC_WARN_UNINITIALIZED_AUTOS = YES_AGGRESSIVE;
				GCC_WARN_UNUSED_FUNCTION = YES;
				GCC_WARN_UNUSED_VARIABLE = YES;
				IPHONEOS_DEPLOYMENT_TARGET = 9.0;
				MTL_ENABLE_DEBUG_INFO = NO;
				SDKROOT = iphoneos;
				VALIDATE_PRODUCT = YES;
			};
			name = Release;
		};
		99FC80EE1BBD147B0068503C /* Debug */ = {
			isa = XCBuildConfiguration;
			buildSettings = {
				ASSETCATALOG_COMPILER_APPICON_NAME = AppIcon;
				INFOPLIST_FILE = LoginNadir/Info.plist;
				LD_RUNPATH_SEARCH_PATHS = "$(inherited) @executable_path/Frameworks";
				PRODUCT_BUNDLE_IDENTIFIER = com.octopepper.LoginNadir;
				PRODUCT_NAME = LoginStevia;
			};
			name = Debug;
		};
		99FC80EF1BBD147B0068503C /* Release */ = {
			isa = XCBuildConfiguration;
			buildSettings = {
				ASSETCATALOG_COMPILER_APPICON_NAME = AppIcon;
				INFOPLIST_FILE = LoginNadir/Info.plist;
				LD_RUNPATH_SEARCH_PATHS = "$(inherited) @executable_path/Frameworks";
				PRODUCT_BUNDLE_IDENTIFIER = com.octopepper.LoginNadir;
				PRODUCT_NAME = LoginStevia;
			};
			name = Release;
		};
/* End XCBuildConfiguration section */

/* Begin XCConfigurationList section */
		99FC80D61BBD147B0068503C /* Build configuration list for PBXProject "LoginStevia" */ = {
			isa = XCConfigurationList;
			buildConfigurations = (
				99FC80EB1BBD147B0068503C /* Debug */,
				99FC80EC1BBD147B0068503C /* Release */,
			);
			defaultConfigurationIsVisible = 0;
			defaultConfigurationName = Release;
		};
		99FC80ED1BBD147B0068503C /* Build configuration list for PBXNativeTarget "LoginStevia" */ = {
			isa = XCConfigurationList;
			buildConfigurations = (
				99FC80EE1BBD147B0068503C /* Debug */,
				99FC80EF1BBD147B0068503C /* Release */,
			);
			defaultConfigurationIsVisible = 0;
			defaultConfigurationName = Release;
		};
/* End XCConfigurationList section */
	};
	rootObject = 99FC80D31BBD147B0068503C /* Project object */;
}
